
Microsoft Visual Studio Solution File, Format Version 12.00
# Visual Studio Version 16
VisualStudioVersion = 16.0.30804.86
MinimumVisualStudioVersion = 10.0.40219.1
Project("{FAE04EC0-301F-11D3-BF4B-00C04F79EFBC}") = "OnlineLibrary1", "OnlineLibrary1.csproj", "{A1AE0442-9A1F-4D67-92CB-B71960445280}"
EndProject
Global
	GlobalSection(SolutionConfigurationPlatforms) = preSolution
		Debug|Any CPU = Debug|Any CPU
		Release|Any CPU = Release|Any CPU
	EndGlobalSection
	GlobalSection(ProjectConfigurationPlatforms) = postSolution
		{A1AE0442-9A1F-4D67-92CB-B71960445280}.Debug|Any CPU.ActiveCfg = Debug|Any CPU
		{A1AE0442-9A1F-4D67-92CB-B71960445280}.Debug|Any CPU.Build.0 = Debug|Any CPU
		{A1AE0442-9A1F-4D67-92CB-B71960445280}.Release|Any CPU.ActiveCfg = Release|Any CPU
		{A1AE0442-9A1F-4D67-92CB-B71960445280}.Release|Any CPU.Build.0 = Release|Any CPU
	EndGlobalSection
	GlobalSection(SolutionProperties) = preSolution
		HideSolutionNode = FALSE
	EndGlobalSection
	GlobalSection(ExtensibilityGlobals) = postSolution
		SolutionGuid = {8B1A1637-A8F9-45EC-8CF2-5EAC77563E0F}
	EndGlobalSection
EndGlobal
